
Microsoft Visual Studio Solution File, Format Version 12.00
# Visual Studio Version 17
VisualStudioVersion = 17.10.35013.160
MinimumVisualStudioVersion = 10.0.40219.1
Project("{FAE04EC0-301F-11D3-BF4B-00C04F79EFBC}") = "GuestListManagement", "GuestListManagement\GuestListManagement.csproj", "{5B4C33D6-36BE-4E6B-818C-3929F03D6279}"
EndProject
Project("{FAE04EC0-301F-11D3-BF4B-00C04F79EFBC}") = "GuestListModel", "GuestListModel\GuestListModel.csproj", "{C2FF282F-5874-4802-B74E-5BC4B07E0938}"
EndProject
Project("{FAE04EC0-301F-11D3-BF4B-00C04F79EFBC}") = "GuestListBL", "GuestListBL\GuestListBL.csproj", "{8CDD7267-A26B-4DDA-BD93-F3464692E7AD}"
EndProject
Project("{FAE04EC0-301F-11D3-BF4B-00C04F79EFBC}") = "GuestListDL", "GuestListDL\GuestListDL.csproj", "{78FEBCCD-91A7-4430-BCED-F63626FCB2BB}"
EndProject
Project("{FAE04EC0-301F-11D3-BF4B-00C04F79EFBC}") = "GuestClient", "GuestClient\GuestClient.csproj", "{2E65F77A-D734-4E68-AD6E-BC20DA3FD982}"
EndProject
Global
	GlobalSection(SolutionConfigurationPlatforms) = preSolution
		Debug|Any CPU = Debug|Any CPU
		Release|Any CPU = Release|Any CPU
	EndGlobalSection
	GlobalSection(ProjectConfigurationPlatforms) = postSolution
		{5B4C33D6-36BE-4E6B-818C-3929F03D6279}.Debug|Any CPU.ActiveCfg = Debug|Any CPU
		{5B4C33D6-36BE-4E6B-818C-3929F03D6279}.Debug|Any CPU.Build.0 = Debug|Any CPU
		{5B4C33D6-36BE-4E6B-818C-3929F03D6279}.Release|Any CPU.ActiveCfg = Release|Any CPU
		{5B4C33D6-36BE-4E6B-818C-3929F03D6279}.Release|Any CPU.Build.0 = Release|Any CPU
		{C2FF282F-5874-4802-B74E-5BC4B07E0938}.Debug|Any CPU.ActiveCfg = Debug|Any CPU
		{C2FF282F-5874-4802-B74E-5BC4B07E0938}.Debug|Any CPU.Build.0 = Debug|Any CPU
		{C2FF282F-5874-4802-B74E-5BC4B07E0938}.Release|Any CPU.ActiveCfg = Release|Any CPU
		{C2FF282F-5874-4802-B74E-5BC4B07E0938}.Release|Any CPU.Build.0 = Release|Any CPU
		{8CDD7267-A26B-4DDA-BD93-F3464692E7AD}.Debug|Any CPU.ActiveCfg = Debug|Any CPU
		{8CDD7267-A26B-4DDA-BD93-F3464692E7AD}.Debug|Any CPU.Build.0 = Debug|Any CPU
		{8CDD7267-A26B-4DDA-BD93-F3464692E7AD}.Release|Any CPU.ActiveCfg = Release|Any CPU
		{8CDD7267-A26B-4DDA-BD93-F3464692E7AD}.Release|Any CPU.Build.0 = Release|Any CPU
		{78FEBCCD-91A7-4430-BCED-F63626FCB2BB}.Debug|Any CPU.ActiveCfg = Debug|Any CPU
		{78FEBCCD-91A7-4430-BCED-F63626FCB2BB}.Debug|Any CPU.Build.0 = Debug|Any CPU
		{78FEBCCD-91A7-4430-BCED-F63626FCB2BB}.Release|Any CPU.ActiveCfg = Release|Any CPU
		{78FEBCCD-91A7-4430-BCED-F63626FCB2BB}.Release|Any CPU.Build.0 = Release|Any CPU
		{2E65F77A-D734-4E68-AD6E-BC20DA3FD982}.Debug|Any CPU.ActiveCfg = Debug|Any CPU
		{2E65F77A-D734-4E68-AD6E-BC20DA3FD982}.Debug|Any CPU.Build.0 = Debug|Any CPU
		{2E65F77A-D734-4E68-AD6E-BC20DA3FD982}.Release|Any CPU.ActiveCfg = Release|Any CPU
		{2E65F77A-D734-4E68-AD6E-BC20DA3FD982}.Release|Any CPU.Build.0 = Release|Any CPU
	EndGlobalSection
	GlobalSection(SolutionProperties) = preSolution
		HideSolutionNode = FALSE
	EndGlobalSection
	GlobalSection(ExtensibilityGlobals) = postSolution
		SolutionGuid = {C2F6EDAE-BF86-40E2-A4E6-AADFCBED62FC}
	EndGlobalSection
EndGlobal
